github.com/firefox-boxes/boxes v0.0.0-20200301051841-1096082a26cb h1:FLJvx8WwsARgYSbvXv3k2jsEMaJPuxVGMie9qTOXFUs=
github.com/firefox-boxes/boxes v0.0.0-20200301051841-1096082a26cb/go.mod h1:D8u4grzfwD22IoToUMrbD+M2vcUfj2uHYIG26htHdgk=
github.com/google/uuid v1.1.1 h1:Gkbcsh/GbpXz7lPftLA3P6TYMwjCLYm83jiFQZF/3gY=
github.com/google/uuid v1.1.1/go.mod h1:TIyPZe4MgqvfeYDBFedMoGGpEw/LqOeaOT+nhxU+yHo=
github.com/mattn/go-sqlite3 v2.0.3+incompatible h1:gXHsfypPkaMZrKbD5209QV9jbUTJKjyR5WD3HYQSd+U=
github.com/mattn/go-sqlite3 v2.0.3+incompatible/go.mod h1:FPy6KqzDD04eiIsT53CuJW3U88zkxoIYsOqkbpncsNc=
